
Microsoft Visual Studio Solution File, Format Version 12.00
# Visual Studio Version 16
VisualStudioVersion = 16.0.31729.503
MinimumVisualStudioVersion = 10.0.40219.1
Project("{FAE04EC0-301F-11D3-BF4B-00C04F79EFBC}") = "RTX2080", "RTX2080.csproj", "{0E89CC4A-976A-4CC8-9714-831726C899E8}"
EndProject
Global
	GlobalSection(SolutionConfigurationPlatforms) = preSolution
		Debug|Any CPU = Debug|Any CPU
		Release|Any CPU = Release|Any CPU
	EndGlobalSection
	GlobalSection(ProjectConfigurationPlatforms) = postSolution
		{0E89CC4A-976A-4CC8-9714-831726C899E8}.Debug|Any CPU.ActiveCfg = Debug|Any CPU
		{0E89CC4A-976A-4CC8-9714-831726C899E8}.Debug|Any CPU.Build.0 = Debug|Any CPU
		{0E89CC4A-976A-4CC8-9714-831726C899E8}.Release|Any CPU.ActiveCfg = Release|Any CPU
		{0E89CC4A-976A-4CC8-9714-831726C899E8}.Release|Any CPU.Build.0 = Release|Any CPU
	EndGlobalSection
	GlobalSection(SolutionProperties) = preSolution
		HideSolutionNode = FALSE
	EndGlobalSection
	GlobalSection(ExtensibilityGlobals) = postSolution
		SolutionGuid = {2A760285-80C5-44FE-833A-8B9935F4BAD9}
	EndGlobalSection
EndGlobal
